
Microsoft Visual Studio Solution File, Format Version 12.00
# Visual Studio Version 17
VisualStudioVersion = 17.13.35828.75 d17.13
MinimumVisualStudioVersion = 10.0.40219.1
Project("{FAE04EC0-301F-11D3-BF4B-00C04F79EFBC}") = "PotatoPomodoro", "PotatoPomodoro\PotatoPomodoro.csproj", "{79B657DA-D17E-454E-8C2A-AD031D16C9C9}"
EndProject
Global
	GlobalSection(SolutionConfigurationPlatforms) = preSolution
		Debug|Any CPU = Debug|Any CPU
		Release|Any CPU = Release|Any CPU
	EndGlobalSection
	GlobalSection(ProjectConfigurationPlatforms) = postSolution
		{79B657DA-D17E-454E-8C2A-AD031D16C9C9}.Debug|Any CPU.ActiveCfg = Debug|Any CPU
		{79B657DA-D17E-454E-8C2A-AD031D16C9C9}.Debug|Any CPU.Build.0 = Debug|Any CPU
		{79B657DA-D17E-454E-8C2A-AD031D16C9C9}.Release|Any CPU.ActiveCfg = Release|Any CPU
		{79B657DA-D17E-454E-8C2A-AD031D16C9C9}.Release|Any CPU.Build.0 = Release|Any CPU
	EndGlobalSection
	GlobalSection(SolutionProperties) = preSolution
		HideSolutionNode = FALSE
	EndGlobalSection
	GlobalSection(ExtensibilityGlobals) = postSolution
		SolutionGuid = {2FC66A2F-4702-43AD-92B9-DBEDB573F591}
	EndGlobalSection
EndGlobal
